<?xml version="1.0" encoding="utf-8"?>
<Project ToolsVersion="4.0" xmlns="http://schemas.microsoft.com/developer/msbuild/2003">
  <ItemGroup>
    <Filter Include="소스 파일">
      <UniqueIdentifier>{4FC737F1-C7A5-4376-A066-2A32D752A2FF}</UniqueIdentifier>
      <Extensions>cpp;c;cc;cxx;c++;cppm;ixx;def;odl;idl;hpj;bat;asm;asmx</Extensions>
    </Filter>
    <Filter Include="헤더 파일">
      <UniqueIdentifier>{93995380-89BD-4b04-88EB-625FBE52EBFB}</UniqueIdentifier>
      <Extensions>h;hh;hpp;hxx;h++;hm;inl;inc;ipp;xsd</Extensions>
    </Filter>
    <Filter Include="리소스 파일">
      <UniqueIdentifier>{67DA6AB6-F800-4c08-8B7A-83BB121AAD01}</UniqueIdentifier>
      <Extensions>rc;ico;cur;bmp;dlg;rc2;rct;bin;rgs;gif;jpg;jpeg;jpe;resx;tiff;tif;png;wav;mfcribbon-ms</Extensions>
    </Filter>
    <Filter Include="00. Scene">
      <UniqueIdentifier>{21762838-2f42-4bd4-9240-382a10b1cb5c}</UniqueIdentifier>
    </Filter>
    <Filter Include="01. GameObject">
      <UniqueIdentifier>{a1b4a937-a674-4fcc-b7a9-56f905cfea97}</UniqueIdentifier>
    </Filter>
    <Filter Include="02. Script">
      <UniqueIdentifier>{93ab0875-d5a8-471a-bf62-7e08d1453280}</UniqueIdentifier>
    </Filter>
    <Filter Include="04. Animation">
      <UniqueIdentifier>{89c679c6-2afe-4f6c-85a7-eed78622b2cb}</UniqueIdentifier>
    </Filter>
    <Filter Include="100. DemoApp">
      <UniqueIdentifier>{383d162c-fb5d-4df5-90fe-0257582715d9}</UniqueIdentifier>
    </Filter>
  </ItemGroup>
  <ItemGroup>
    <ClCompile Include="Main.cpp">
      <Filter>100. DemoApp</Filter>
    </ClCompile>
    <ClCompile Include="DemoApp.cpp">
      <Filter>100. DemoApp</Filter>
    </ClCompile>
    <ClCompile Include="DemoSceneBase.cpp">
      <Filter>00. Scene</Filter>
    </ClCompile>
    <ClCompile Include="TriggerTriggerScene.cpp">
      <Filter>00. Scene</Filter>
    </ClCompile>
    <ClCompile Include="TriggerCollisionScene.cpp">
      <Filter>00. Scene</Filter>
    </ClCompile>
    <ClCompile Include="CollisionCollisionScene.cpp">
      <Filter>00. Scene</Filter>
    </ClCompile>
    <ClCompile Include="HierarchyDemoScene.cpp">
      <Filter>00. Scene</Filter>
    </ClCompile>
    <ClCompile Include="RaycastDemoScene.cpp">
      <Filter>00. Scene</Filter>
    </ClCompile>
    <ClCompile Include="CCDDemoScene.cpp">
      <Filter>00. Scene</Filter>
    </ClCompile>
    <ClCompile Include="ResourceLifetimeScene.cpp">
      <Filter>00. Scene</Filter>
    </ClCompile>
    <ClCompile Include="AnimationFSMScene.cpp">
      <Filter>00. Scene</Filter>
    </ClCompile>
    <ClCompile Include="RigidbodyDemoScene.cpp">
      <Filter>00. Scene</Filter>
    </ClCompile>
    <ClCompile Include="ColliderControlScript.cpp">
      <Filter>02. Script</Filter>
    </ClCompile>
  </ItemGroup>
  <ItemGroup>
    <ClInclude Include="DemoApp.h">
      <Filter>100. DemoApp</Filter>
    </ClInclude>
    <ClInclude Include="DemoConfig.h">
      <Filter>100. DemoApp</Filter>
    </ClInclude>
    <ClInclude Include="DemoSceneBase.h">
      <Filter>00. Scene</Filter>
    </ClInclude>
    <ClInclude Include="TriggerTriggerScene.h">
      <Filter>00. Scene</Filter>
    </ClInclude>
    <ClInclude Include="TriggerCollisionScene.h">
      <Filter>00. Scene</Filter>
    </ClInclude>
    <ClInclude Include="CollisionCollisionScene.h">
      <Filter>00. Scene</Filter>
    </ClInclude>
    <ClInclude Include="HierarchyDemoScene.h">
      <Filter>00. Scene</Filter>
    </ClInclude>
    <ClInclude Include="RaycastDemoScene.h">
      <Filter>00. Scene</Filter>
    </ClInclude>
    <ClInclude Include="CCDDemoScene.h">
      <Filter>00. Scene</Filter>
    </ClInclude>
    <ClInclude Include="ResourceLifetimeScene.h">
      <Filter>00. Scene</Filter>
    </ClInclude>
    <ClInclude Include="AnimationFSMScene.h">
      <Filter>00. Scene</Filter>
    </ClInclude>
    <ClInclude Include="RigidbodyDemoScene.h">
      <Filter>00. Scene</Filter>
    </ClInclude>
    <ClInclude Include="ColliderDemoObject.h">
      <Filter>01. GameObject</Filter>
    </ClInclude>
    <ClInclude Include="ColliderControlScript.h">
      <Filter>02. Script</Filter>
    </ClInclude>
    <ClInclude Include="CatAnimatorData.h">
      <Filter>04. Animation</Filter>
    </ClInclude>
  </ItemGroup>
</Project>
